PODS:
  - Flutter (1.0.0)
  - imou_plugin (0.0.1):
    - Flutter
    - LCOpenSDK
  - LCOpenSDK (3.12.05)

DEPENDENCIES:
  - Flutter (from `Flutter`)
  - imou_plugin (from `.symlinks/plugins/imou_plugin/ios`)

SPEC REPOS:
  trunk:
    - LCOpenSDK

EXTERNAL SOURCES:
  Flutter:
    :path: Flutter
  imou_plugin:
    :path: ".symlinks/plugins/imou_plugin/ios"

SPEC CHECKSUMS:
  Flutter: e0871f40cf51350855a761d2e70bf5af5b9b5de7
  imou_plugin: 2ed5a4466457672d13ea065eb4872cd8b4bbc8f0
  LCOpenSDK: 56f3dc8bbf546c7b6a4077f953c72fc586369949

PODFILE CHECKSUM: bf9df0de4bae0ee00dea9fe0a30806ca7786d555

COCOAPODS: 1.12.0
